// !$*UTF8*$!
{
	archiveVersion = 1;
	classes = {
	};
	objectVersion = 56;
	objects = {

/* Begin PBXBuildFile section */
		A978AC6D2C404878000D272D /* FlickrApp.swift in Sources */ = {isa = PBXBuildFile; fileRef = A978AC6C2C404878000D272D /* FlickrApp.swift */; };
		A978AC6F2C404878000D272D /* ContentView.swift in Sources */ = {isa = PBXBuildFile; fileRef = A978AC6E2C404878000D272D /* ContentView.swift */; };
		A978AC712C404879000D272D /* Assets.xcassets in Resources */ = {isa = PBXBuildFile; fileRef = A978AC702C404879000D272D /* Assets.xcassets */; };
		A978AC742C404879000D272D /* Preview Assets.xcassets in Resources */ = {isa = PBXBuildFile; fileRef = A978AC732C404879000D272D /* Preview Assets.xcassets */; };
		A978AC7E2C404879000D272D /* FlickrTests.swift in Sources */ = {isa = PBXBuildFile; fileRef = A978AC7D2C404879000D272D /* FlickrTests.swift */; };
		A978AC882C404879000D272D /* FlickrUITests.swift in Sources */ = {isa = PBXBuildFile; fileRef = A978AC872C404879000D272D /* FlickrUITests.swift */; };
		A978AC8A2C404879000D272D /* FlickrUITestsLaunchTests.swift in Sources */ = {isa = PBXBuildFile; fileRef = A978AC892C404879000D272D /* FlickrUITestsLaunchTests.swift */; };
/* End PBXBuildFile section */

/* Begin PBXContainerItemProxy section */
		A978AC7A2C404879000D272D /* PBXContainerItemProxy */ = {
			isa = PBXContainerItemProxy;
			containerPortal = A978AC612C404878000D272D /* Project object */;
			proxyType = 1;
			remoteGlobalIDString = A978AC682C404878000D272D;
			remoteInfo = Flickr;
		};
		A978AC842C404879000D272D /* PBXContainerItemProxy */ = {
			isa = PBXContainerItemProxy;
			containerPortal = A978AC612C404878000D272D /* Project object */;
			proxyType = 1;
			remoteGlobalIDString = A978AC682C404878000D272D;
			remoteInfo = Flickr;
		};
/* End PBXContainerItemProxy section */

/* Begin PBXFileReference section */
		A978AC692C404878000D272D /* Flickr.app */ = {isa = PBXFileReference; explicitFileType = wrapper.application; includeInIndex = 0; path = Flickr.app; sourceTree = BUILT_PRODUCTS_DIR; };
		A978AC6C2C404878000D272D /* FlickrApp.swift */ = {isa = PBXFileReference; lastKnownFileType = sourcecode.swift; path = FlickrApp.swift; sourceTree = "<group>"; };
		A978AC6E2C404878000D272D /* ContentView.swift */ = {isa = PBXFileReference; lastKnownFileType = sourcecode.swift; path = ContentView.swift; sourceTree = "<group>"; };
		A978AC702C404879000D272D /* Assets.xcassets */ = {isa = PBXFileReference; lastKnownFileType = folder.assetcatalog; path = Assets.xcassets; sourceTree = "<group>"; };
		A978AC732C404879000D272D /* Preview Assets.xcassets */ = {isa = PBXFileReference; lastKnownFileType = folder.assetcatalog; path = "Preview Assets.xcassets"; sourceTree = "<group>"; };
		A978AC792C404879000D272D /* FlickrTests.xctest */ = {isa = PBXFileReference; explicitFileType = wrapper.cfbundle; includeInIndex = 0; path = FlickrTests.xctest; sourceTree = BUILT_PRODUCTS_DIR; };
		A978AC7D2C404879000D272D /* FlickrTests.swift */ = {isa = PBXFileReference; lastKnownFileType = sourcecode.swift; path = FlickrTests.swift; sourceTree = "<group>"; };
		A978AC832C404879000D272D /* FlickrUITests.xctest */ = {isa = PBXFileReference; explicitFileType = wrapper.cfbundle; includeInIndex = 0; path = FlickrUITests.xctest; sourceTree = BUILT_PRODUCTS_DIR; };
		A978AC872C404879000D272D /* FlickrUITests.swift */ = {isa = PBXFileReference; lastKnownFileType = sourcecode.swift; path = FlickrUITests.swift; sourceTree = "<group>"; };
		A978AC892C404879000D272D /* FlickrUITestsLaunchTests.swift */ = {isa = PBXFileReference; lastKnownFileType = sourcecode.swift; path = FlickrUITestsLaunchTests.swift; sourceTree = "<group>"; };
/* End PBXFileReference section */

/* Begin PBXFrameworksBuildPhase section */
		A978AC662C404878000D272D /* Frameworks */ = {
			isa = PBXFrameworksBuildPhase;
			buildActionMask = 2147483647;
			files = (
			);
			runOnlyForDeploymentPostprocessing = 0;
		};
		A978AC762C404879000D272D /* Frameworks */ = {
			isa = PBXFrameworksBuildPhase;
			buildActionMask = 2147483647;
			files = (
			);
			runOnlyForDeploymentPostprocessing = 0;
		};
		A978AC802C404879000D272D /* Frameworks */ = {
			isa = PBXFrameworksBuildPhase;
			buildActionMask = 2147483647;
			files = (
			);
			runOnlyForDeploymentPostprocessing = 0;
		};
/* End PBXFrameworksBuildPhase section */

/* Begin PBXGroup section */
		A978AC602C404878000D272D = {
			isa = PBXGroup;
			children = (
				A978AC6B2C404878000D272D /* Flickr */,
				A978AC7C2C404879000D272D /* FlickrTests */,
				A978AC862C404879000D272D /* FlickrUITests */,
				A978AC6A2C404878000D272D /* Products */,
			);
			sourceTree = "<group>";
		};
		A978AC6A2C404878000D272D /* Products */ = {
			isa = PBXGroup;
			children = (
				A978AC692C404878000D272D /* Flickr.app */,
				A978AC792C404879000D272D /* FlickrTests.xctest */,
				A978AC832C404879000D272D /* FlickrUITests.xctest */,
			);
			name = Products;
			sourceTree = "<group>";
		};
		A978AC6B2C404878000D272D /* Flickr */ = {
			isa = PBXGroup;
			children = (
				A978AC6C2C404878000D272D /* FlickrApp.swift */,
				A978AC6E2C404878000D272D /* ContentView.swift */,
				A978AC702C404879000D272D /* Assets.xcassets */,
				A978AC722C404879000D272D /* Preview Content */,
			);
			path = Flickr;
			sourceTree = "<group>";
		};
		A978AC722C404879000D272D /* Preview Content */ = {
			isa = PBXGroup;
			children = (
				A978AC732C404879000D272D /* Preview Assets.xcassets */,
			);
			path = "Preview Content";
			sourceTree = "<group>";
		};
		A978AC7C2C404879000D272D /* FlickrTests */ = {
			isa = PBXGroup;
			children = (
				A978AC7D2C404879000D272D /* FlickrTests.swift */,
			);
			path = FlickrTests;
			sourceTree = "<group>";
		};
		A978AC862C404879000D272D /* FlickrUITests */ = {
			isa = PBXGroup;
			children = (
				A978AC872C404879000D272D /* FlickrUITests.swift */,
				A978AC892C404879000D272D /* FlickrUITestsLaunchTests.swift */,
			);
			path = FlickrUITests;
			sourceTree = "<group>";
		};
/* End PBXGroup section */

/* Begin PBXNativeTarget section */
		A978AC682C404878000D272D /* Flickr */ = {
			isa = PBXNativeTarget;
			buildConfigurationList = A978AC8D2C404879000D272D /* Build configuration list for PBXNativeTarget "Flickr" */;
			buildPhases = (
				A978AC652C404878000D272D /* Sources */,
				A978AC662C404878000D272D /* Frameworks */,
				A978AC672C404878000D272D /* Resources */,
			);
			buildRules = (
			);
			dependencies = (
			);
			name = Flickr;
			productName = Flickr;
			productReference = A978AC692C404878000D272D /* Flickr.app */;
			productType = "com.apple.product-type.application";
		};
		A978AC782C404879000D272D /* FlickrTests */ = {
			isa = PBXNativeTarget;
			buildConfigurationList = A978AC902C404879000D272D /* Build configuration list for PBXNativeTarget "FlickrTests" */;
			buildPhases = (
				A978AC752C404879000D272D /* Sources */,
				A978AC762C404879000D272D /* Frameworks */,
				A978AC772C404879000D272D /* Resources */,
			);
			buildRules = (
			);
			dependencies = (
				A978AC7B2C404879000D272D /* PBXTargetDependency */,
			);
			name = FlickrTests;
			productName = FlickrTests;
			productReference = A978AC792C404879000D272D /* FlickrTests.xctest */;
			productType = "com.apple.product-type.bundle.unit-test";
		};
		A978AC822C404879000D272D /* FlickrUITests */ = {
			isa = PBXNativeTarget;
			buildConfigurationList = A978AC932C404879000D272D /* Build configuration list for PBXNativeTarget "FlickrUITests" */;
			buildPhases = (
				A978AC7F2C404879000D272D /* Sources */,
				A978AC802C404879000D272D /* Frameworks */,
				A978AC812C404879000D272D /* Resources */,
			);
			buildRules = (
			);
			dependencies = (
				A978AC852C404879000D272D /* PBXTargetDependency */,
			);
			name = FlickrUITests;
			productName = FlickrUITests;
			productReference = A978AC832C404879000D272D /* FlickrUITests.xctest */;
			productType = "com.apple.product-type.bundle.ui-testing";
		};
/* End PBXNativeTarget section */

/* Begin PBXProject section */
		A978AC612C404878000D272D /* Project object */ = {
			isa = PBXProject;
			attributes = {
				BuildIndependentTargetsInParallel = 1;
				LastSwiftUpdateCheck = 1540;
				LastUpgradeCheck = 1540;
				TargetAttributes = {
					A978AC682C404878000D272D = {
						CreatedOnToolsVersion = 15.4;
					};
					A978AC782C404879000D272D = {
						CreatedOnToolsVersion = 15.4;
						TestTargetID = A978AC682C404878000D272D;
					};
					A978AC822C404879000D272D = {
						CreatedOnToolsVersion = 15.4;
						TestTargetID = A978AC682C404878000D272D;
					};
				};
			};
			buildConfigurationList = A978AC642C404878000D272D /* Build configuration list for PBXProject "Flickr" */;
			compatibilityVersion = "Xcode 14.0";
			developmentRegion = en;
			hasScannedForEncodings = 0;
			knownRegions = (
				en,
				Base,
			);
			mainGroup = A978AC602C404878000D272D;
			productRefGroup = A978AC6A2C404878000D272D /* Products */;
			projectDirPath = "";
			projectRoot = "";
			targets = (
				A978AC682C404878000D272D /* Flickr */,
				A978AC782C404879000D272D /* FlickrTests */,
				A978AC822C404879000D272D /* FlickrUITests */,
			);
		};
/* End PBXProject section */

/* Begin PBXResourcesBuildPhase section */
		A978AC672C404878000D272D /* Resources */ = {
			isa = PBXResourcesBuildPhase;
			buildActionMask = 2147483647;
			files = (
				A978AC742C404879000D272D /* Preview Assets.xcassets in Resources */,
				A978AC712C404879000D272D /* Assets.xcassets in Resources */,
			);
			runOnlyForDeploymentPostprocessing = 0;
		};
		A978AC772C404879000D272D /* Resources */ = {
			isa = PBXResourcesBuildPhase;
			buildActionMask = 2147483647;
			files = (
			);
			runOnlyForDeploymentPostprocessing = 0;
		};
		A978AC812C404879000D272D /* Resources */ = {
			isa = PBXResourcesBuildPhase;
			buildActionMask = 2147483647;
			files = (
			);
			runOnlyForDeploymentPostprocessing = 0;
		};
/* End PBXResourcesBuildPhase section */

/* Begin PBXSourcesBuildPhase section */
		A978AC652C404878000D272D /* Sources */ = {
			isa = PBXSourcesBuildPhase;
			buildActionMask = 2147483647;
			files = (
				A978AC6F2C404878000D272D /* ContentView.swift in Sources */,
				A978AC6D2C404878000D272D /* FlickrApp.swift in Sources */,
			);
			runOnlyForDeploymentPostprocessing = 0;
		};
		A978AC752C404879000D272D /* Sources */ = {
			isa = PBXSourcesBuildPhase;
			buildActionMask = 2147483647;
			files = (
				A978AC7E2C404879000D272D /* FlickrTests.swift in Sources */,
			);
			runOnlyForDeploymentPostprocessing = 0;
		};
		A978AC7F2C404879000D272D /* Sources */ = {
			isa = PBXSourcesBuildPhase;
			buildActionMask = 2147483647;
			files = (
				A978AC882C404879000D272D /* FlickrUITests.swift in Sources */,
				A978AC8A2C404879000D272D /* FlickrUITestsLaunchTests.swift in Sources */,
			);
			runOnlyForDeploymentPostprocessing = 0;
		};
/* End PBXSourcesBuildPhase section */

/* Begin PBXTargetDependency section */
		A978AC7B2C404879000D272D /* PBXTargetDependency */ = {
			isa = PBXTargetDependency;
			target = A978AC682C404878000D272D /* Flickr */;
			targetProxy = A978AC7A2C404879000D272D /* PBXContainerItemProxy */;
		};
		A978AC852C404879000D272D /* PBXTargetDependency */ = {
			isa = PBXTargetDependency;
			target = A978AC682C404878000D272D /* Flickr */;
			targetProxy = A978AC842C404879000D272D /* PBXContainerItemProxy */;
		};
/* End PBXTargetDependency section */

/* Begin XCBuildConfiguration section */
		A978AC8B2C404879000D272D /* Debug */ = {
			isa = XCBuildConfiguration;
			buildSettings = {
				ALWAYS_SEARCH_USER_PATHS = NO;
				ASSETCATALOG_COMPILER_GENERATE_SWIFT_ASSET_SYMBOL_EXTENSIONS = YES;
				CLANG_ANALYZER_NONNULL = YES;
				CLANG_ANALYZER_NUMBER_OBJECT_CONVERSION = YES_AGGRESSIVE;
				CLANG_CXX_LANGUAGE_STANDARD = "gnu++20";
				CLANG_ENABLE_MODULES = YES;
				CLANG_ENABLE_OBJC_ARC = YES;
				CLANG_ENABLE_OBJC_WEAK = YES;
				CLANG_WARN_BLOCK_CAPTURE_AUTORELEASING = YES;
				CLANG_WARN_BOOL_CONVERSION = YES;
				CLANG_WARN_COMMA = YES;
				CLANG_WARN_CONSTANT_CONVERSION = YES;
				CLANG_WARN_DEPRECATED_OBJC_IMPLEMENTATIONS = YES;
				CLANG_WARN_DIRECT_OBJC_ISA_USAGE = YES_ERROR;
				CLANG_WARN_DOCUMENTATION_COMMENTS = YES;
				CLANG_WARN_EMPTY_BODY = YES;
				CLANG_WARN_ENUM_CONVERSION = YES;
				CLANG_WARN_INFINITE_RECURSION = YES;
				CLANG_WARN_INT_CONVERSION = YES;
				CLANG_WARN_NON_LITERAL_NULL_CONVERSION = YES;
				CLANG_WARN_OBJC_IMPLICIT_RETAIN_SELF = YES;
				CLANG_WARN_OBJC_LITERAL_CONVERSION = YES;
				CLANG_WARN_OBJC_ROOT_CLASS = YES_ERROR;
				CLANG_WARN_QUOTED_INCLUDE_IN_FRAMEWORK_HEADER = YES;
				CLANG_WARN_RANGE_LOOP_ANALYSIS = YES;
				CLANG_WARN_STRICT_PROTOTYPES = YES;
				CLANG_WARN_SUSPICIOUS_MOVE = YES;
				CLANG_WARN_UNGUARDED_AVAILABILITY = YES_AGGRESSIVE;
				CLANG_WARN_UNREACHABLE_CODE = YES;
				CLANG_WARN__DUPLICATE_METHOD_MATCH = YES;
				COPY_PHASE_STRIP = NO;
				DEBUG_INFORMATION_FORMAT = dwarf;
				ENABLE_STRICT_OBJC_MSGSEND = YES;
				ENABLE_TESTABILITY = YES;
				ENABLE_USER_SCRIPT_SANDBOXING = YES;
				GCC_C_LANGUAGE_STANDARD = gnu17;
				GCC_DYNAMIC_NO_PIC = NO;
				GCC_NO_COMMON_BLOCKS = YES;
				GCC_OPTIMIZATION_LEVEL = 0;
				GCC_PREPROCESSOR_DEFINITIONS = (
					"DEBUG=1",
					"$(inherited)",
				);
				GCC_WARN_64_TO_32_BIT_CONVERSION = YES;
				GCC_WARN_ABOUT_RETURN_TYPE = YES_ERROR;
				GCC_WARN_UNDECLARED_SELECTOR = YES;
				GCC_WARN_UNINITIALIZED_AUTOS = YES_AGGRESSIVE;
				GCC_WARN_UNUSED_FUNCTION = YES;
				GCC_WARN_UNUSED_VARIABLE = YES;
				IPHONEOS_DEPLOYMENT_TARGET = 17.5;
				LOCALIZATION_PREFERS_STRING_CATALOGS = YES;
				MTL_ENABLE_DEBUG_INFO = INCLUDE_SOURCE;
				MTL_FAST_MATH = YES;
				ONLY_ACTIVE_ARCH = YES;
				SDKROOT = iphoneos;
				SWIFT_ACTIVE_COMPILATION_CONDITIONS = "DEBUG $(inherited)";
				SWIFT_OPTIMIZATION_LEVEL = "-Onone";
			};
			name = Debug;
		};
		A978AC8C2C404879000D272D /* Release */ = {
			isa = XCBuildConfiguration;
			buildSettings = {
				ALWAYS_SEARCH_USER_PATHS = NO;
				ASSETCATALOG_COMPILER_GENERATE_SWIFT_ASSET_SYMBOL_EXTENSIONS = YES;
				CLANG_ANALYZER_NONNULL = YES;
				CLANG_ANALYZER_NUMBER_OBJECT_CONVERSION = YES_AGGRESSIVE;
				CLANG_CXX_LANGUAGE_STANDARD = "gnu++20";
				CLANG_ENABLE_MODULES = YES;
				CLANG_ENABLE_OBJC_ARC = YES;
				CLANG_ENABLE_OBJC_WEAK = YES;
				CLANG_WARN_BLOCK_CAPTURE_AUTORELEASING = YES;
				CLANG_WARN_BOOL_CONVERSION = YES;
				CLANG_WARN_COMMA = YES;
				CLANG_WARN_CONSTANT_CONVERSION = YES;
				CLANG_WARN_DEPRECATED_OBJC_IMPLEMENTATIONS = YES;
				CLANG_WARN_DIRECT_OBJC_ISA_USAGE = YES_ERROR;
				CLANG_WARN_DOCUMENTATION_COMMENTS = YES;
				CLANG_WARN_EMPTY_BODY = YES;
				CLANG_WARN_ENUM_CONVERSION = YES;
				CLANG_WARN_INFINITE_RECURSION = YES;
				CLANG_WARN_INT_CONVERSION = YES;
				CLANG_WARN_NON_LITERAL_NULL_CONVERSION = YES;
				CLANG_WARN_OBJC_IMPLICIT_RETAIN_SELF = YES;
				CLANG_WARN_OBJC_LITERAL_CONVERSION = YES;
				CLANG_WARN_OBJC_ROOT_CLASS = YES_ERROR;
				CLANG_WARN_QUOTED_INCLUDE_IN_FRAMEWORK_HEADER = YES;
				CLANG_WARN_RANGE_LOOP_ANALYSIS = YES;
				CLANG_WARN_STRICT_PROTOTYPES = YES;
				CLANG_WARN_SUSPICIOUS_MOVE = YES;
				CLANG_WARN_UNGUARDED_AVAILABILITY = YES_AGGRESSIVE;
				CLANG_WARN_UNREACHABLE_CODE = YES;
				CLANG_WARN__DUPLICATE_METHOD_MATCH = YES;
				COPY_PHASE_STRIP = NO;
				DEBUG_INFORMATION_FORMAT = "dwarf-with-dsym";
				ENABLE_NS_ASSERTIONS = NO;
				ENABLE_STRICT_OBJC_MSGSEND = YES;
				ENABLE_USER_SCRIPT_SANDBOXING = YES;
				GCC_C_LANGUAGE_STANDARD = gnu17;
				GCC_NO_COMMON_BLOCKS = YES;
				GCC_WARN_64_TO_32_BIT_CONVERSION = YES;
				GCC_WARN_ABOUT_RETURN_TYPE = YES_ERROR;
				GCC_WARN_UNDECLARED_SELECTOR = YES;
				GCC_WARN_UNINITIALIZED_AUTOS = YES_AGGRESSIVE;
				GCC_WARN_UNUSED_FUNCTION = YES;
				GCC_WARN_UNUSED_VARIABLE = YES;
				IPHONEOS_DEPLOYMENT_TARGET = 17.5;
				LOCALIZATION_PREFERS_STRING_CATALOGS = YES;
				MTL_ENABLE_DEBUG_INFO = NO;
				MTL_FAST_MATH = YES;
				SDKROOT = iphoneos;
				SWIFT_COMPILATION_MODE = wholemodule;
				VALIDATE_PRODUCT = YES;
			};
			name = Release;
		};
		A978AC8E2C404879000D272D /* Debug */ = {
			isa = XCBuildConfiguration;
			buildSettings = {
				ASSETCATALOG_COMPILER_APPICON_NAME = AppIcon;
				ASSETCATALOG_COMPILER_GLOBAL_ACCENT_COLOR_NAME = AccentColor;
				CODE_SIGN_STYLE = Automatic;
				CURRENT_PROJECT_VERSION = 1;
				DEVELOPMENT_ASSET_PATHS = "\"Flickr/Preview Content\"";
				DEVELOPMENT_TEAM = 4895T2NL8P;
				ENABLE_PREVIEWS = YES;
				GENERATE_INFOPLIST_FILE = YES;
				INFOPLIST_KEY_UIApplicationSceneManifest_Generation = YES;
				INFOPLIST_KEY_UIApplicationSupportsIndirectInputEvents = YES;
				INFOPLIST_KEY_UILaunchScreen_Generation = YES;
				INFOPLIST_KEY_UISupportedInterfaceOrientations_iPad = "UIInterfaceOrientationPortrait UIInterfaceOrientationPortraitUpsideDown UIInterfaceOrientationLandscapeLeft UIInterfaceOrientationLandscapeRight";
				INFOPLIST_KEY_UISupportedInterfaceOrientations_iPhone = "UIInterfaceOrientationPortrait UIInterfaceOrientationLandscapeLeft UIInterfaceOrientationLandscapeRight";
				LD_RUNPATH_SEARCH_PATHS = (
					"$(inherited)",
					"@executable_path/Frameworks",
				);
				MARKETING_VERSION = 1.0;
				PRODUCT_BUNDLE_IDENTIFIER = PujaGogineni.Flickr;
				PRODUCT_NAME = "$(TARGET_NAME)";
				SWIFT_EMIT_LOC_STRINGS = YES;
				SWIFT_VERSION = 5.0;
				TARGETED_DEVICE_FAMILY = "1,2";
			};
			name = Debug;
		};
		A978AC8F2C404879000D272D /* Release */ = {
			isa = XCBuildConfiguration;
			buildSettings = {
				ASSETCATALOG_COMPILER_APPICON_NAME = AppIcon;
				ASSETCATALOG_COMPILER_GLOBAL_ACCENT_COLOR_NAME = AccentColor;
				CODE_SIGN_STYLE = Automatic;
				CURRENT_PROJECT_VERSION = 1;
				DEVELOPMENT_ASSET_PATHS = "\"Flickr/Preview Content\"";
				DEVELOPMENT_TEAM = 4895T2NL8P;
				ENABLE_PREVIEWS = YES;
				GENERATE_INFOPLIST_FILE = YES;
				INFOPLIST_KEY_UIApplicationSceneManifest_Generation = YES;
				INFOPLIST_KEY_UIApplicationSupportsIndirectInputEvents = YES;
				INFOPLIST_KEY_UILaunchScreen_Generation = YES;
				INFOPLIST_KEY_UISupportedInterfaceOrientations_iPad = "UIInterfaceOrientationPortrait UIInterfaceOrientationPortraitUpsideDown UIInterfaceOrientationLandscapeLeft UIInterfaceOrientationLandscapeRight";
				INFOPLIST_KEY_UISupportedInterfaceOrientations_iPhone = "UIInterfaceOrientationPortrait UIInterfaceOrientationLandscapeLeft UIInterfaceOrientationLandscapeRight";
				LD_RUNPATH_SEARCH_PATHS = (
					"$(inherited)",
					"@executable_path/Frameworks",
				);
				MARKETING_VERSION = 1.0;
				PRODUCT_BUNDLE_IDENTIFIER = PujaGogineni.Flickr;
				PRODUCT_NAME = "$(TARGET_NAME)";
				SWIFT_EMIT_LOC_STRINGS = YES;
				SWIFT_VERSION = 5.0;
				TARGETED_DEVICE_FAMILY = "1,2";
			};
			name = Release;
		};
		A978AC912C404879000D272D /* Debug */ = {
			isa = XCBuildConfiguration;
			buildSettings = {
				ALWAYS_EMBED_SWIFT_STANDARD_LIBRARIES = YES;
				BUNDLE_LOADER = "$(TEST_HOST)";
				CODE_SIGN_STYLE = Automatic;
				CURRENT_PROJECT_VERSION = 1;
				DEVELOPMENT_TEAM = 4895T2NL8P;
				GENERATE_INFOPLIST_FILE = YES;
				IPHONEOS_DEPLOYMENT_TARGET = 17.5;
				MARKETING_VERSION = 1.0;
				PRODUCT_BUNDLE_IDENTIFIER = PujaGogineni.FlickrTests;
				PRODUCT_NAME = "$(TARGET_NAME)";
				SWIFT_EMIT_LOC_STRINGS = NO;
				SWIFT_VERSION = 5.0;
				TARGETED_DEVICE_FAMILY = "1,2";
				TEST_HOST = "$(BUILT_PRODUCTS_DIR)/Flickr.app/$(BUNDLE_EXECUTABLE_FOLDER_PATH)/Flickr";
			};
			name = Debug;
		};
		A978AC922C404879000D272D /* Release */ = {
			isa = XCBuildConfiguration;
			buildSettings = {
				ALWAYS_EMBED_SWIFT_STANDARD_LIBRARIES = YES;
				BUNDLE_LOADER = "$(TEST_HOST)";
				CODE_SIGN_STYLE = Automatic;
				CURRENT_PROJECT_VERSION = 1;
				DEVELOPMENT_TEAM = 4895T2NL8P;
				GENERATE_INFOPLIST_FILE = YES;
				IPHONEOS_DEPLOYMENT_TARGET = 17.5;
				MARKETING_VERSION = 1.0;
				PRODUCT_BUNDLE_IDENTIFIER = PujaGogineni.FlickrTests;
				PRODUCT_NAME = "$(TARGET_NAME)";
				SWIFT_EMIT_LOC_STRINGS = NO;
				SWIFT_VERSION = 5.0;
				TARGETED_DEVICE_FAMILY = "1,2";
				TEST_HOST = "$(BUILT_PRODUCTS_DIR)/Flickr.app/$(BUNDLE_EXECUTABLE_FOLDER_PATH)/Flickr";
			};
			name = Release;
		};
		A978AC942C404879000D272D /* Debug */ = {
			isa = XCBuildConfiguration;
			buildSettings = {
				ALWAYS_EMBED_SWIFT_STANDARD_LIBRARIES = YES;
				CODE_SIGN_STYLE = Automatic;
				CURRENT_PROJECT_VERSION = 1;
				DEVELOPMENT_TEAM = 4895T2NL8P;
				GENERATE_INFOPLIST_FILE = YES;
				MARKETING_VERSION = 1.0;
				PRODUCT_BUNDLE_IDENTIFIER = PujaGogineni.FlickrUITests;
				PRODUCT_NAME = "$(TARGET_NAME)";
				SWIFT_EMIT_LOC_STRINGS = NO;
				SWIFT_VERSION = 5.0;
				TARGETED_DEVICE_FAMILY = "1,2";
				TEST_TARGET_NAME = Flickr;
			};
			name = Debug;
		};
		A978AC952C404879000D272D /* Release */ = {
			isa = XCBuildConfiguration;
			buildSettings = {
				ALWAYS_EMBED_SWIFT_STANDARD_LIBRARIES = YES;
				CODE_SIGN_STYLE = Automatic;
				CURRENT_PROJECT_VERSION = 1;
				DEVELOPMENT_TEAM = 4895T2NL8P;
				GENERATE_INFOPLIST_FILE = YES;
				MARKETING_VERSION = 1.0;
				PRODUCT_BUNDLE_IDENTIFIER = PujaGogineni.FlickrUITests;
				PRODUCT_NAME = "$(TARGET_NAME)";
				SWIFT_EMIT_LOC_STRINGS = NO;
				SWIFT_VERSION = 5.0;
				TARGETED_DEVICE_FAMILY = "1,2";
				TEST_TARGET_NAME = Flickr;
			};
			name = Release;
		};
/* End XCBuildConfiguration section */

/* Begin XCConfigurationList section */
		A978AC642C404878000D272D /* Build configuration list for PBXProject "Flickr" */ = {
			isa = XCConfigurationList;
			buildConfigurations = (
				A978AC8B2C404879000D272D /* Debug */,
				A978AC8C2C404879000D272D /* Release */,
			);
			defaultConfigurationIsVisible = 0;
			defaultConfigurationName = Release;
		};
		A978AC8D2C404879000D272D /* Build configuration list for PBXNativeTarget "Flickr" */ = {
			isa = XCConfigurationList;
			buildConfigurations = (
				A978AC8E2C404879000D272D /* Debug */,
				A978AC8F2C404879000D272D /* Release */,
			);
			defaultConfigurationIsVisible = 0;
			defaultConfigurationName = Release;
		};
		A978AC902C404879000D272D /* Build configuration list for PBXNativeTarget "FlickrTests" */ = {
			isa = XCConfigurationList;
			buildConfigurations = (
				A978AC912C404879000D272D /* Debug */,
				A978AC922C404879000D272D /* Release */,
			);
			defaultConfigurationIsVisible = 0;
			defaultConfigurationName = Release;
		};
		A978AC932C404879000D272D /* Build configuration list for PBXNativeTarget "FlickrUITests" */ = {
			isa = XCConfigurationList;
			buildConfigurations = (
				A978AC942C404879000D272D /* Debug */,
				A978AC952C404879000D272D /* Release */,
			);
			defaultConfigurationIsVisible = 0;
			defaultConfigurationName = Release;
		};
/* End XCConfigurationList section */
	};
	rootObject = A978AC612C404878000D272D /* Project object */;
}
